
Microsoft Visual Studio Solution File, Format Version 11.00
# Visual Studio 2010
Project("{FAE04EC0-301F-11D3-BF4B-00C04F79EFBC}") = "CUS.ICS.BulldogBucksFrARCredit", "CUS.ICS.BulldogBucksFrARCredit.csproj", "{2154BF87-2B52-4E07-8F2C-1DBA90575E0C}"
EndProject
Global
	GlobalSection(SolutionConfigurationPlatforms) = preSolution
		Debug|Any CPU = Debug|Any CPU
		Release|Any CPU = Release|Any CPU
	EndGlobalSection
	GlobalSection(ProjectConfigurationPlatforms) = postSolution
		{2154BF87-2B52-4E07-8F2C-1DBA90575E0C}.Debug|Any CPU.ActiveCfg = Debug|Any CPU
		{2154BF87-2B52-4E07-8F2C-1DBA90575E0C}.Debug|Any CPU.Build.0 = Debug|Any CPU
		{2154BF87-2B52-4E07-8F2C-1DBA90575E0C}.Release|Any CPU.ActiveCfg = Release|Any CPU
		{2154BF87-2B52-4E07-8F2C-1DBA90575E0C}.Release|Any CPU.Build.0 = Release|Any CPU
	EndGlobalSection
	GlobalSection(SolutionProperties) = preSolution
		HideSolutionNode = FALSE
	EndGlobalSection
EndGlobal
